// !$*UTF8*$!
{
	archiveVersion = 1;
	classes = {
	};
	objectVersion = 56;
	objects = {

/* Begin PBXBuildFile section */
		0C0774402C65F0A400D1BE7C /* flimSwiftUIAppApp.swift in Sources */ = {isa = PBXBuildFile; fileRef = 0C07743F2C65F0A400D1BE7C /* flimSwiftUIAppApp.swift */; };
		0C0774422C65F0A400D1BE7C /* FilmListeView.swift in Sources */ = {isa = PBXBuildFile; fileRef = 0C0774412C65F0A400D1BE7C /* FilmListeView.swift */; };
		0C0774442C65F0A800D1BE7C /* Assets.xcassets in Resources */ = {isa = PBXBuildFile; fileRef = 0C0774432C65F0A800D1BE7C /* Assets.xcassets */; };
		0C0774472C65F0A800D1BE7C /* Preview Assets.xcassets in Resources */ = {isa = PBXBuildFile; fileRef = 0C0774462C65F0A800D1BE7C /* Preview Assets.xcassets */; };
		0C0774522C65F17D00D1BE7C /* film.swift in Sources */ = {isa = PBXBuildFile; fileRef = 0C0774512C65F17D00D1BE7C /* film.swift */; };
		0C0774552C65F89000D1BE7C /* DownloaderClient.swift in Sources */ = {isa = PBXBuildFile; fileRef = 0C0774542C65F89000D1BE7C /* DownloaderClient.swift */; };
		0C0774572C660BF900D1BE7C /* FilmViewModel.swift in Sources */ = {isa = PBXBuildFile; fileRef = 0C0774562C660BF900D1BE7C /* FilmViewModel.swift */; };
		0C0774592C662B2500D1BE7C /* ImageDownLoaderClient.swift in Sources */ = {isa = PBXBuildFile; fileRef = 0C0774582C662B2500D1BE7C /* ImageDownLoaderClient.swift */; };
		0C07745B2C662D7C00D1BE7C /* OzelImage.swift in Sources */ = {isa = PBXBuildFile; fileRef = 0C07745A2C662D7C00D1BE7C /* OzelImage.swift */; };
		0C07745D2C66457C00D1BE7C /* FilmDetay.swift in Sources */ = {isa = PBXBuildFile; fileRef = 0C07745C2C66457C00D1BE7C /* FilmDetay.swift */; };
		0C07745F2C664C0400D1BE7C /* FilmDetayViewModel.swift in Sources */ = {isa = PBXBuildFile; fileRef = 0C07745E2C664C0400D1BE7C /* FilmDetayViewModel.swift */; };
		0C0774612C664F2E00D1BE7C /* DetayView.swift in Sources */ = {isa = PBXBuildFile; fileRef = 0C0774602C664F2E00D1BE7C /* DetayView.swift */; };
/* End PBXBuildFile section */

/* Begin PBXFileReference section */
		0C07743C2C65F0A400D1BE7C /* flimSwiftUIApp.app */ = {isa = PBXFileReference; explicitFileType = wrapper.application; includeInIndex = 0; path = flimSwiftUIApp.app; sourceTree = BUILT_PRODUCTS_DIR; };
		0C07743F2C65F0A400D1BE7C /* flimSwiftUIAppApp.swift */ = {isa = PBXFileReference; lastKnownFileType = sourcecode.swift; path = flimSwiftUIAppApp.swift; sourceTree = "<group>"; };
		0C0774412C65F0A400D1BE7C /* FilmListeView.swift */ = {isa = PBXFileReference; lastKnownFileType = sourcecode.swift; path = FilmListeView.swift; sourceTree = "<group>"; };
		0C0774432C65F0A800D1BE7C /* Assets.xcassets */ = {isa = PBXFileReference; lastKnownFileType = folder.assetcatalog; path = Assets.xcassets; sourceTree = "<group>"; };
		0C0774462C65F0A800D1BE7C /* Preview Assets.xcassets */ = {isa = PBXFileReference; lastKnownFileType = folder.assetcatalog; path = "Preview Assets.xcassets"; sourceTree = "<group>"; };
		0C0774512C65F17D00D1BE7C /* film.swift */ = {isa = PBXFileReference; lastKnownFileType = sourcecode.swift; path = film.swift; sourceTree = "<group>"; };
		0C0774542C65F89000D1BE7C /* DownloaderClient.swift */ = {isa = PBXFileReference; lastKnownFileType = sourcecode.swift; path = DownloaderClient.swift; sourceTree = "<group>"; };
		0C0774562C660BF900D1BE7C /* FilmViewModel.swift */ = {isa = PBXFileReference; lastKnownFileType = sourcecode.swift; path = FilmViewModel.swift; sourceTree = "<group>"; };
		0C0774582C662B2500D1BE7C /* ImageDownLoaderClient.swift */ = {isa = PBXFileReference; lastKnownFileType = sourcecode.swift; path = ImageDownLoaderClient.swift; sourceTree = "<group>"; };
		0C07745A2C662D7C00D1BE7C /* OzelImage.swift */ = {isa = PBXFileReference; lastKnownFileType = sourcecode.swift; path = OzelImage.swift; sourceTree = "<group>"; };
		0C07745C2C66457C00D1BE7C /* FilmDetay.swift */ = {isa = PBXFileReference; lastKnownFileType = sourcecode.swift; path = FilmDetay.swift; sourceTree = "<group>"; };
		0C07745E2C664C0400D1BE7C /* FilmDetayViewModel.swift */ = {isa = PBXFileReference; lastKnownFileType = sourcecode.swift; path = FilmDetayViewModel.swift; sourceTree = "<group>"; };
		0C0774602C664F2E00D1BE7C /* DetayView.swift */ = {isa = PBXFileReference; lastKnownFileType = sourcecode.swift; path = DetayView.swift; sourceTree = "<group>"; };
		0C0D65882C69E73F005D8A92 /* Info.plist */ = {isa = PBXFileReference; lastKnownFileType = text.plist; path = Info.plist; sourceTree = "<group>"; };
/* End PBXFileReference section */

/* Begin PBXFrameworksBuildPhase section */
		0C0774392C65F0A400D1BE7C /* Frameworks */ = {
			isa = PBXFrameworksBuildPhase;
			buildActionMask = 2147483647;
			files = (
			);
			runOnlyForDeploymentPostprocessing = 0;
		};
/* End PBXFrameworksBuildPhase section */

/* Begin PBXGroup section */
		0C0774332C65F0A400D1BE7C = {
			isa = PBXGroup;
			children = (
				0C07743E2C65F0A400D1BE7C /* flimSwiftUIApp */,
				0C07743D2C65F0A400D1BE7C /* Products */,
			);
			sourceTree = "<group>";
		};
		0C07743D2C65F0A400D1BE7C /* Products */ = {
			isa = PBXGroup;
			children = (
				0C07743C2C65F0A400D1BE7C /* flimSwiftUIApp.app */,
			);
			name = Products;
			sourceTree = "<group>";
		};
		0C07743E2C65F0A400D1BE7C /* flimSwiftUIApp */ = {
			isa = PBXGroup;
			children = (
				0C0D65882C69E73F005D8A92 /* Info.plist */,
				0C0774532C65F82A00D1BE7C /* Servise */,
				0C0774502C65F12200D1BE7C /* App */,
				0C07744F2C65F11C00D1BE7C /* View */,
				0C07744E2C65F11200D1BE7C /* ViewModel */,
				0C07744D2C65F0F800D1BE7C /* model */,
				0C0774432C65F0A800D1BE7C /* Assets.xcassets */,
				0C0774452C65F0A800D1BE7C /* Preview Content */,
			);
			path = flimSwiftUIApp;
			sourceTree = "<group>";
		};
		0C0774452C65F0A800D1BE7C /* Preview Content */ = {
			isa = PBXGroup;
			children = (
				0C0774462C65F0A800D1BE7C /* Preview Assets.xcassets */,
			);
			path = "Preview Content";
			sourceTree = "<group>";
		};
		0C07744D2C65F0F800D1BE7C /* model */ = {
			isa = PBXGroup;
			children = (
				0C0774512C65F17D00D1BE7C /* film.swift */,
				0C07745C2C66457C00D1BE7C /* FilmDetay.swift */,
			);
			path = model;
			sourceTree = "<group>";
		};
		0C07744E2C65F11200D1BE7C /* ViewModel */ = {
			isa = PBXGroup;
			children = (
				0C0774562C660BF900D1BE7C /* FilmViewModel.swift */,
				0C07745E2C664C0400D1BE7C /* FilmDetayViewModel.swift */,
			);
			path = ViewModel;
			sourceTree = "<group>";
		};
		0C07744F2C65F11C00D1BE7C /* View */ = {
			isa = PBXGroup;
			children = (
				0C0774412C65F0A400D1BE7C /* FilmListeView.swift */,
				0C07745A2C662D7C00D1BE7C /* OzelImage.swift */,
				0C0774602C664F2E00D1BE7C /* DetayView.swift */,
			);
			path = View;
			sourceTree = "<group>";
		};
		0C0774502C65F12200D1BE7C /* App */ = {
			isa = PBXGroup;
			children = (
				0C07743F2C65F0A400D1BE7C /* flimSwiftUIAppApp.swift */,
			);
			path = App;
			sourceTree = "<group>";
		};
		0C0774532C65F82A00D1BE7C /* Servise */ = {
			isa = PBXGroup;
			children = (
				0C0774542C65F89000D1BE7C /* DownloaderClient.swift */,
				0C0774582C662B2500D1BE7C /* ImageDownLoaderClient.swift */,
			);
			path = Servise;
			sourceTree = "<group>";
		};
/* End PBXGroup section */

/* Begin PBXNativeTarget section */
		0C07743B2C65F0A400D1BE7C /* flimSwiftUIApp */ = {
			isa = PBXNativeTarget;
			buildConfigurationList = 0C07744A2C65F0A800D1BE7C /* Build configuration list for PBXNativeTarget "flimSwiftUIApp" */;
			buildPhases = (
				0C0774382C65F0A400D1BE7C /* Sources */,
				0C0774392C65F0A400D1BE7C /* Frameworks */,
				0C07743A2C65F0A400D1BE7C /* Resources */,
			);
			buildRules = (
			);
			dependencies = (
			);
			name = flimSwiftUIApp;
			productName = flimSwiftUIApp;
			productReference = 0C07743C2C65F0A400D1BE7C /* flimSwiftUIApp.app */;
			productType = "com.apple.product-type.application";
		};
/* End PBXNativeTarget section */

/* Begin PBXProject section */
		0C0774342C65F0A400D1BE7C /* Project object */ = {
			isa = PBXProject;
			attributes = {
				BuildIndependentTargetsInParallel = 1;
				LastSwiftUpdateCheck = 1540;
				LastUpgradeCheck = 1540;
				TargetAttributes = {
					0C07743B2C65F0A400D1BE7C = {
						CreatedOnToolsVersion = 15.4;
					};
				};
			};
			buildConfigurationList = 0C0774372C65F0A400D1BE7C /* Build configuration list for PBXProject "flimSwiftUIApp" */;
			compatibilityVersion = "Xcode 14.0";
			developmentRegion = en;
			hasScannedForEncodings = 0;
			knownRegions = (
				en,
				Base,
			);
			mainGroup = 0C0774332C65F0A400D1BE7C;
			productRefGroup = 0C07743D2C65F0A400D1BE7C /* Products */;
			projectDirPath = "";
			projectRoot = "";
			targets = (
				0C07743B2C65F0A400D1BE7C /* flimSwiftUIApp */,
			);
		};
/* End PBXProject section */

/* Begin PBXResourcesBuildPhase section */
		0C07743A2C65F0A400D1BE7C /* Resources */ = {
			isa = PBXResourcesBuildPhase;
			buildActionMask = 2147483647;
			files = (
				0C0774472C65F0A800D1BE7C /* Preview Assets.xcassets in Resources */,
				0C0774442C65F0A800D1BE7C /* Assets.xcassets in Resources */,
			);
			runOnlyForDeploymentPostprocessing = 0;
		};
/* End PBXResourcesBuildPhase section */

/* Begin PBXSourcesBuildPhase section */
		0C0774382C65F0A400D1BE7C /* Sources */ = {
			isa = PBXSourcesBuildPhase;
			buildActionMask = 2147483647;
			files = (
				0C0774612C664F2E00D1BE7C /* DetayView.swift in Sources */,
				0C0774422C65F0A400D1BE7C /* FilmListeView.swift in Sources */,
				0C07745D2C66457C00D1BE7C /* FilmDetay.swift in Sources */,
				0C0774522C65F17D00D1BE7C /* film.swift in Sources */,
				0C07745B2C662D7C00D1BE7C /* OzelImage.swift in Sources */,
				0C0774572C660BF900D1BE7C /* FilmViewModel.swift in Sources */,
				0C0774592C662B2500D1BE7C /* ImageDownLoaderClient.swift in Sources */,
				0C0774402C65F0A400D1BE7C /* flimSwiftUIAppApp.swift in Sources */,
				0C07745F2C664C0400D1BE7C /* FilmDetayViewModel.swift in Sources */,
				0C0774552C65F89000D1BE7C /* DownloaderClient.swift in Sources */,
			);
			runOnlyForDeploymentPostprocessing = 0;
		};
/* End PBXSourcesBuildPhase section */

/* Begin XCBuildConfiguration section */
		0C0774482C65F0A800D1BE7C /* Debug */ = {
			isa = XCBuildConfiguration;
			buildSettings = {
				ALWAYS_SEARCH_USER_PATHS = NO;
				ASSETCATALOG_COMPILER_GENERATE_SWIFT_ASSET_SYMBOL_EXTENSIONS = YES;
				CLANG_ANALYZER_NONNULL = YES;
				CLANG_ANALYZER_NUMBER_OBJECT_CONVERSION = YES_AGGRESSIVE;
				CLANG_CXX_LANGUAGE_STANDARD = "gnu++20";
				CLANG_ENABLE_MODULES = YES;
				CLANG_ENABLE_OBJC_ARC = YES;
				CLANG_ENABLE_OBJC_WEAK = YES;
				CLANG_WARN_BLOCK_CAPTURE_AUTORELEASING = YES;
				CLANG_WARN_BOOL_CONVERSION = YES;
				CLANG_WARN_COMMA = YES;
				CLANG_WARN_CONSTANT_CONVERSION = YES;
				CLANG_WARN_DEPRECATED_OBJC_IMPLEMENTATIONS = YES;
				CLANG_WARN_DIRECT_OBJC_ISA_USAGE = YES_ERROR;
				CLANG_WARN_DOCUMENTATION_COMMENTS = YES;
				CLANG_WARN_EMPTY_BODY = YES;
				CLANG_WARN_ENUM_CONVERSION = YES;
				CLANG_WARN_INFINITE_RECURSION = YES;
				CLANG_WARN_INT_CONVERSION = YES;
				CLANG_WARN_NON_LITERAL_NULL_CONVERSION = YES;
				CLANG_WARN_OBJC_IMPLICIT_RETAIN_SELF = YES;
				CLANG_WARN_OBJC_LITERAL_CONVERSION = YES;
				CLANG_WARN_OBJC_ROOT_CLASS = YES_ERROR;
				CLANG_WARN_QUOTED_INCLUDE_IN_FRAMEWORK_HEADER = YES;
				CLANG_WARN_RANGE_LOOP_ANALYSIS = YES;
				CLANG_WARN_STRICT_PROTOTYPES = YES;
				CLANG_WARN_SUSPICIOUS_MOVE = YES;
				CLANG_WARN_UNGUARDED_AVAILABILITY = YES_AGGRESSIVE;
				CLANG_WARN_UNREACHABLE_CODE = YES;
				CLANG_WARN__DUPLICATE_METHOD_MATCH = YES;
				COPY_PHASE_STRIP = NO;
				DEBUG_INFORMATION_FORMAT = dwarf;
				ENABLE_STRICT_OBJC_MSGSEND = YES;
				ENABLE_TESTABILITY = YES;
				ENABLE_USER_SCRIPT_SANDBOXING = YES;
				GCC_C_LANGUAGE_STANDARD = gnu17;
				GCC_DYNAMIC_NO_PIC = NO;
				GCC_NO_COMMON_BLOCKS = YES;
				GCC_OPTIMIZATION_LEVEL = 0;
				GCC_PREPROCESSOR_DEFINITIONS = (
					"DEBUG=1",
					"$(inherited)",
				);
				GCC_WARN_64_TO_32_BIT_CONVERSION = YES;
				GCC_WARN_ABOUT_RETURN_TYPE = YES_ERROR;
				GCC_WARN_UNDECLARED_SELECTOR = YES;
				GCC_WARN_UNINITIALIZED_AUTOS = YES_AGGRESSIVE;
				GCC_WARN_UNUSED_FUNCTION = YES;
				GCC_WARN_UNUSED_VARIABLE = YES;
				IPHONEOS_DEPLOYMENT_TARGET = 17.5;
				LOCALIZATION_PREFERS_STRING_CATALOGS = YES;
				MTL_ENABLE_DEBUG_INFO = INCLUDE_SOURCE;
				MTL_FAST_MATH = YES;
				ONLY_ACTIVE_ARCH = YES;
				SDKROOT = iphoneos;
				SWIFT_ACTIVE_COMPILATION_CONDITIONS = "DEBUG $(inherited)";
				SWIFT_OPTIMIZATION_LEVEL = "-Onone";
			};
			name = Debug;
		};
		0C0774492C65F0A800D1BE7C /* Release */ = {
			isa = XCBuildConfiguration;
			buildSettings = {
				ALWAYS_SEARCH_USER_PATHS = NO;
				ASSETCATALOG_COMPILER_GENERATE_SWIFT_ASSET_SYMBOL_EXTENSIONS = YES;
				CLANG_ANALYZER_NONNULL = YES;
				CLANG_ANALYZER_NUMBER_OBJECT_CONVERSION = YES_AGGRESSIVE;
				CLANG_CXX_LANGUAGE_STANDARD = "gnu++20";
				CLANG_ENABLE_MODULES = YES;
				CLANG_ENABLE_OBJC_ARC = YES;
				CLANG_ENABLE_OBJC_WEAK = YES;
				CLANG_WARN_BLOCK_CAPTURE_AUTORELEASING = YES;
				CLANG_WARN_BOOL_CONVERSION = YES;
				CLANG_WARN_COMMA = YES;
				CLANG_WARN_CONSTANT_CONVERSION = YES;
				CLANG_WARN_DEPRECATED_OBJC_IMPLEMENTATIONS = YES;
				CLANG_WARN_DIRECT_OBJC_ISA_USAGE = YES_ERROR;
				CLANG_WARN_DOCUMENTATION_COMMENTS = YES;
				CLANG_WARN_EMPTY_BODY = YES;
				CLANG_WARN_ENUM_CONVERSION = YES;
				CLANG_WARN_INFINITE_RECURSION = YES;
				CLANG_WARN_INT_CONVERSION = YES;
				CLANG_WARN_NON_LITERAL_NULL_CONVERSION = YES;
				CLANG_WARN_OBJC_IMPLICIT_RETAIN_SELF = YES;
				CLANG_WARN_OBJC_LITERAL_CONVERSION = YES;
				CLANG_WARN_OBJC_ROOT_CLASS = YES_ERROR;
				CLANG_WARN_QUOTED_INCLUDE_IN_FRAMEWORK_HEADER = YES;
				CLANG_WARN_RANGE_LOOP_ANALYSIS = YES;
				CLANG_WARN_STRICT_PROTOTYPES = YES;
				CLANG_WARN_SUSPICIOUS_MOVE = YES;
				CLANG_WARN_UNGUARDED_AVAILABILITY = YES_AGGRESSIVE;
				CLANG_WARN_UNREACHABLE_CODE = YES;
				CLANG_WARN__DUPLICATE_METHOD_MATCH = YES;
				COPY_PHASE_STRIP = NO;
				DEBUG_INFORMATION_FORMAT = "dwarf-with-dsym";
				ENABLE_NS_ASSERTIONS = NO;
				ENABLE_STRICT_OBJC_MSGSEND = YES;
				ENABLE_USER_SCRIPT_SANDBOXING = YES;
				GCC_C_LANGUAGE_STANDARD = gnu17;
				GCC_NO_COMMON_BLOCKS = YES;
				GCC_WARN_64_TO_32_BIT_CONVERSION = YES;
				GCC_WARN_ABOUT_RETURN_TYPE = YES_ERROR;
				GCC_WARN_UNDECLARED_SELECTOR = YES;
				GCC_WARN_UNINITIALIZED_AUTOS = YES_AGGRESSIVE;
				GCC_WARN_UNUSED_FUNCTION = YES;
				GCC_WARN_UNUSED_VARIABLE = YES;
				IPHONEOS_DEPLOYMENT_TARGET = 17.5;
				LOCALIZATION_PREFERS_STRING_CATALOGS = YES;
				MTL_ENABLE_DEBUG_INFO = NO;
				MTL_FAST_MATH = YES;
				SDKROOT = iphoneos;
				SWIFT_COMPILATION_MODE = wholemodule;
				VALIDATE_PRODUCT = YES;
			};
			name = Release;
		};
		0C07744B2C65F0A800D1BE7C /* Debug */ = {
			isa = XCBuildConfiguration;
			buildSettings = {
				ASSETCATALOG_COMPILER_APPICON_NAME = AppIcon;
				ASSETCATALOG_COMPILER_GLOBAL_ACCENT_COLOR_NAME = AccentColor;
				CODE_SIGN_STYLE = Automatic;
				CURRENT_PROJECT_VERSION = 1;
				DEVELOPMENT_ASSET_PATHS = "\"flimSwiftUIApp/Preview Content\"";
				DEVELOPMENT_TEAM = 88T8T9QSKR;
				ENABLE_PREVIEWS = YES;
				GENERATE_INFOPLIST_FILE = YES;
				INFOPLIST_FILE = flimSwiftUIApp/Info.plist;
				INFOPLIST_KEY_LSApplicationCategoryType = "";
				INFOPLIST_KEY_UIApplicationSceneManifest_Generation = YES;
				INFOPLIST_KEY_UIApplicationSupportsIndirectInputEvents = YES;
				INFOPLIST_KEY_UILaunchScreen_Generation = YES;
				INFOPLIST_KEY_UISupportedInterfaceOrientations_iPad = "UIInterfaceOrientationPortrait UIInterfaceOrientationPortraitUpsideDown UIInterfaceOrientationLandscapeLeft UIInterfaceOrientationLandscapeRight";
				INFOPLIST_KEY_UISupportedInterfaceOrientations_iPhone = "UIInterfaceOrientationPortrait UIInterfaceOrientationLandscapeLeft UIInterfaceOrientationLandscapeRight";
				LD_RUNPATH_SEARCH_PATHS = (
					"$(inherited)",
					"@executable_path/Frameworks",
				);
				MARKETING_VERSION = 1.0;
				PRODUCT_BUNDLE_IDENTIFIER = com.sueda.flimSwiftUIApp;
				PRODUCT_NAME = "$(TARGET_NAME)";
				SWIFT_EMIT_LOC_STRINGS = YES;
				SWIFT_VERSION = 5.0;
				TARGETED_DEVICE_FAMILY = "1,2";
			};
			name = Debug;
		};
		0C07744C2C65F0A800D1BE7C /* Release */ = {
			isa = XCBuildConfiguration;
			buildSettings = {
				ASSETCATALOG_COMPILER_APPICON_NAME = AppIcon;
				ASSETCATALOG_COMPILER_GLOBAL_ACCENT_COLOR_NAME = AccentColor;
				CODE_SIGN_STYLE = Automatic;
				CURRENT_PROJECT_VERSION = 1;
				DEVELOPMENT_ASSET_PATHS = "\"flimSwiftUIApp/Preview Content\"";
				DEVELOPMENT_TEAM = 88T8T9QSKR;
				ENABLE_PREVIEWS = YES;
				GENERATE_INFOPLIST_FILE = YES;
				INFOPLIST_FILE = flimSwiftUIApp/Info.plist;
				INFOPLIST_KEY_LSApplicationCategoryType = "";
				INFOPLIST_KEY_UIApplicationSceneManifest_Generation = YES;
				INFOPLIST_KEY_UIApplicationSupportsIndirectInputEvents = YES;
				INFOPLIST_KEY_UILaunchScreen_Generation = YES;
				INFOPLIST_KEY_UISupportedInterfaceOrientations_iPad = "UIInterfaceOrientationPortrait UIInterfaceOrientationPortraitUpsideDown UIInterfaceOrientationLandscapeLeft UIInterfaceOrientationLandscapeRight";
				INFOPLIST_KEY_UISupportedInterfaceOrientations_iPhone = "UIInterfaceOrientationPortrait UIInterfaceOrientationLandscapeLeft UIInterfaceOrientationLandscapeRight";
				LD_RUNPATH_SEARCH_PATHS = (
					"$(inherited)",
					"@executable_path/Frameworks",
				);
				MARKETING_VERSION = 1.0;
				PRODUCT_BUNDLE_IDENTIFIER = com.sueda.flimSwiftUIApp;
				PRODUCT_NAME = "$(TARGET_NAME)";
				SWIFT_EMIT_LOC_STRINGS = YES;
				SWIFT_VERSION = 5.0;
				TARGETED_DEVICE_FAMILY = "1,2";
			};
			name = Release;
		};
/* End XCBuildConfiguration section */

/* Begin XCConfigurationList section */
		0C0774372C65F0A400D1BE7C /* Build configuration list for PBXProject "flimSwiftUIApp" */ = {
			isa = XCConfigurationList;
			buildConfigurations = (
				0C0774482C65F0A800D1BE7C /* Debug */,
				0C0774492C65F0A800D1BE7C /* Release */,
			);
			defaultConfigurationIsVisible = 0;
			defaultConfigurationName = Release;
		};
		0C07744A2C65F0A800D1BE7C /* Build configuration list for PBXNativeTarget "flimSwiftUIApp" */ = {
			isa = XCConfigurationList;
			buildConfigurations = (
				0C07744B2C65F0A800D1BE7C /* Debug */,
				0C07744C2C65F0A800D1BE7C /* Release */,
			);
			defaultConfigurationIsVisible = 0;
			defaultConfigurationName = Release;
		};
/* End XCConfigurationList section */
	};
	rootObject = 0C0774342C65F0A400D1BE7C /* Project object */;
}
